
Microsoft Visual Studio Solution File, Format Version 12.00
# Visual Studio 15
VisualStudioVersion = 15.0.26430.6
MinimumVisualStudioVersion = 10.0.40219.1
Project("{FAE04EC0-301F-11D3-BF4B-00C04F79EFBC}") = "Owin.Security.Keycloak", "Owin.Security.Keycloak\Owin.Security.Keycloak.csproj", "{16EDD97E-727A-4366-BF79-629295A162D1}"
EndProject
Project("{FAE04EC0-301F-11D3-BF4B-00C04F79EFBC}") = "Keycloak.IdentityModel", "Keycloak.IdentityModel\Keycloak.IdentityModel.csproj", "{FA6DDDD7-366A-4012-ACF2-252C599F80C0}"
EndProject
Project("{2150E333-8FDC-42A3-9474-1A3956D46DE8}") = "Build", "Build", "{EC3D07A6-5CD9-40F6-BB1F-F25B22B34E68}"
	ProjectSection(SolutionItems) = preProject
		Build\CommonAssemblyInfo.cs = Build\CommonAssemblyInfo.cs
		Build\NUGET.txt = Build\NUGET.txt
	EndProjectSection
EndProject
Project("{FAE04EC0-301F-11D3-BF4B-00C04F79EFBC}") = "SampleWebApp", "SampleWebApp\SampleWebApp.csproj", "{23D362B1-0872-4F8A-B755-36E7CD824A10}"
EndProject
Global
	GlobalSection(SolutionConfigurationPlatforms) = preSolution
		Debug|Any CPU = Debug|Any CPU
		Final|Any CPU = Final|Any CPU
		Release|Any CPU = Release|Any CPU
	EndGlobalSection
	GlobalSection(ProjectConfigurationPlatforms) = postSolution
		{16EDD97E-727A-4366-BF79-629295A162D1}.Debug|Any CPU.ActiveCfg = Debug|Any CPU
		{16EDD97E-727A-4366-BF79-629295A162D1}.Debug|Any CPU.Build.0 = Debug|Any CPU
		{16EDD97E-727A-4366-BF79-629295A162D1}.Final|Any CPU.ActiveCfg = Final|Any CPU
		{16EDD97E-727A-4366-BF79-629295A162D1}.Final|Any CPU.Build.0 = Final|Any CPU
		{16EDD97E-727A-4366-BF79-629295A162D1}.Release|Any CPU.ActiveCfg = Release|Any CPU
		{16EDD97E-727A-4366-BF79-629295A162D1}.Release|Any CPU.Build.0 = Release|Any CPU
		{FA6DDDD7-366A-4012-ACF2-252C599F80C0}.Debug|Any CPU.ActiveCfg = Debug|Any CPU
		{FA6DDDD7-366A-4012-ACF2-252C599F80C0}.Debug|Any CPU.Build.0 = Debug|Any CPU
		{FA6DDDD7-366A-4012-ACF2-252C599F80C0}.Final|Any CPU.ActiveCfg = Final|Any CPU
		{FA6DDDD7-366A-4012-ACF2-252C599F80C0}.Final|Any CPU.Build.0 = Final|Any CPU
		{FA6DDDD7-366A-4012-ACF2-252C599F80C0}.Release|Any CPU.ActiveCfg = Release|Any CPU
		{FA6DDDD7-366A-4012-ACF2-252C599F80C0}.Release|Any CPU.Build.0 = Release|Any CPU
		{23D362B1-0872-4F8A-B755-36E7CD824A10}.Debug|Any CPU.ActiveCfg = Debug|Any CPU
		{23D362B1-0872-4F8A-B755-36E7CD824A10}.Debug|Any CPU.Build.0 = Debug|Any CPU
		{23D362B1-0872-4F8A-B755-36E7CD824A10}.Final|Any CPU.ActiveCfg = Release|Any CPU
		{23D362B1-0872-4F8A-B755-36E7CD824A10}.Final|Any CPU.Build.0 = Release|Any CPU
		{23D362B1-0872-4F8A-B755-36E7CD824A10}.Release|Any CPU.ActiveCfg = Release|Any CPU
		{23D362B1-0872-4F8A-B755-36E7CD824A10}.Release|Any CPU.Build.0 = Release|Any CPU
	EndGlobalSection
	GlobalSection(SolutionProperties) = preSolution
		HideSolutionNode = FALSE
	EndGlobalSection
EndGlobal
